// !$*UTF8*$!
{
	archiveVersion = 1;
	classes = {
	};
	objectVersion = 55;
	objects = {

/* Begin PBXBuildFile section */
		A086560E27DF0EAE00D46CDB /* TransactionChartApp.swift in Sources */ = {isa = PBXBuildFile; fileRef = A086560D27DF0EAE00D46CDB /* TransactionChartApp.swift */; };
		A086561027DF0EAE00D46CDB /* ContentView.swift in Sources */ = {isa = PBXBuildFile; fileRef = A086560F27DF0EAE00D46CDB /* ContentView.swift */; };
		A086561227DF0EB100D46CDB /* Assets.xcassets in Resources */ = {isa = PBXBuildFile; fileRef = A086561127DF0EB100D46CDB /* Assets.xcassets */; };
		A086561527DF0EB100D46CDB /* Preview Assets.xcassets in Resources */ = {isa = PBXBuildFile; fileRef = A086561427DF0EB100D46CDB /* Preview Assets.xcassets */; };
		A086561F27DF115300D46CDB /* ChartView.swift in Sources */ = {isa = PBXBuildFile; fileRef = A086561E27DF115300D46CDB /* ChartView.swift */; };
		A086562127DF169B00D46CDB /* ChartViewModel.swift in Sources */ = {isa = PBXBuildFile; fileRef = A086562027DF169B00D46CDB /* ChartViewModel.swift */; };
		A086562427DF18EF00D46CDB /* Path+Extension.swift in Sources */ = {isa = PBXBuildFile; fileRef = A086562327DF18EF00D46CDB /* Path+Extension.swift */; };
		A086562627DF193B00D46CDB /* PathGradient.swift in Sources */ = {isa = PBXBuildFile; fileRef = A086562527DF193B00D46CDB /* PathGradient.swift */; };
		A086562827DF199100D46CDB /* CircleIndicator.swift in Sources */ = {isa = PBXBuildFile; fileRef = A086562727DF199100D46CDB /* CircleIndicator.swift */; };
		A086562A27DF1DEF00D46CDB /* AccountsView.swift in Sources */ = {isa = PBXBuildFile; fileRef = A086562927DF1DEF00D46CDB /* AccountsView.swift */; };
		A086562C27DF33CB00D46CDB /* Transaction.swift in Sources */ = {isa = PBXBuildFile; fileRef = A086562B27DF33CB00D46CDB /* Transaction.swift */; };
		A086562E27DF3A5A00D46CDB /* sample.json in Resources */ = {isa = PBXBuildFile; fileRef = A086562D27DF3A5900D46CDB /* sample.json */; };
		A086563027DF3A7200D46CDB /* Bundle+Extension.swift in Sources */ = {isa = PBXBuildFile; fileRef = A086562F27DF3A7200D46CDB /* Bundle+Extension.swift */; };
		A086563427DF44FB00D46CDB /* TransactionRow.swift in Sources */ = {isa = PBXBuildFile; fileRef = A086563327DF44FB00D46CDB /* TransactionRow.swift */; };
/* End PBXBuildFile section */

/* Begin PBXFileReference section */
		A086560A27DF0EAE00D46CDB /* TransactionChart.app */ = {isa = PBXFileReference; explicitFileType = wrapper.application; includeInIndex = 0; path = TransactionChart.app; sourceTree = BUILT_PRODUCTS_DIR; };
		A086560D27DF0EAE00D46CDB /* TransactionChartApp.swift */ = {isa = PBXFileReference; lastKnownFileType = sourcecode.swift; path = TransactionChartApp.swift; sourceTree = "<group>"; };
		A086560F27DF0EAE00D46CDB /* ContentView.swift */ = {isa = PBXFileReference; lastKnownFileType = sourcecode.swift; path = ContentView.swift; sourceTree = "<group>"; };
		A086561127DF0EB100D46CDB /* Assets.xcassets */ = {isa = PBXFileReference; lastKnownFileType = folder.assetcatalog; path = Assets.xcassets; sourceTree = "<group>"; };
		A086561427DF0EB100D46CDB /* Preview Assets.xcassets */ = {isa = PBXFileReference; lastKnownFileType = folder.assetcatalog; path = "Preview Assets.xcassets"; sourceTree = "<group>"; };
		A086561E27DF115300D46CDB /* ChartView.swift */ = {isa = PBXFileReference; lastKnownFileType = sourcecode.swift; path = ChartView.swift; sourceTree = "<group>"; };
		A086562027DF169B00D46CDB /* ChartViewModel.swift */ = {isa = PBXFileReference; lastKnownFileType = sourcecode.swift; path = ChartViewModel.swift; sourceTree = "<group>"; };
		A086562327DF18EF00D46CDB /* Path+Extension.swift */ = {isa = PBXFileReference; lastKnownFileType = sourcecode.swift; path = "Path+Extension.swift"; sourceTree = "<group>"; };
		A086562527DF193B00D46CDB /* PathGradient.swift */ = {isa = PBXFileReference; lastKnownFileType = sourcecode.swift; path = PathGradient.swift; sourceTree = "<group>"; };
		A086562727DF199100D46CDB /* CircleIndicator.swift */ = {isa = PBXFileReference; lastKnownFileType = sourcecode.swift; path = CircleIndicator.swift; sourceTree = "<group>"; };
		A086562927DF1DEF00D46CDB /* AccountsView.swift */ = {isa = PBXFileReference; lastKnownFileType = sourcecode.swift; path = AccountsView.swift; sourceTree = "<group>"; };
		A086562B27DF33CB00D46CDB /* Transaction.swift */ = {isa = PBXFileReference; lastKnownFileType = sourcecode.swift; path = Transaction.swift; sourceTree = "<group>"; };
		A086562D27DF3A5900D46CDB /* sample.json */ = {isa = PBXFileReference; fileEncoding = 4; lastKnownFileType = text.json; path = sample.json; sourceTree = "<group>"; };
		A086562F27DF3A7200D46CDB /* Bundle+Extension.swift */ = {isa = PBXFileReference; lastKnownFileType = sourcecode.swift; path = "Bundle+Extension.swift"; sourceTree = "<group>"; };
		A086563327DF44FB00D46CDB /* TransactionRow.swift */ = {isa = PBXFileReference; lastKnownFileType = sourcecode.swift; path = TransactionRow.swift; sourceTree = "<group>"; };
/* End PBXFileReference section */

/* Begin PBXFrameworksBuildPhase section */
		A086560727DF0EAE00D46CDB /* Frameworks */ = {
			isa = PBXFrameworksBuildPhase;
			buildActionMask = 2147483647;
			files = (
			);
			runOnlyForDeploymentPostprocessing = 0;
		};
/* End PBXFrameworksBuildPhase section */

/* Begin PBXGroup section */
		A086560127DF0EAE00D46CDB = {
			isa = PBXGroup;
			children = (
				A086560C27DF0EAE00D46CDB /* TransactionChart */,
				A086560B27DF0EAE00D46CDB /* Products */,
			);
			sourceTree = "<group>";
		};
		A086560B27DF0EAE00D46CDB /* Products */ = {
			isa = PBXGroup;
			children = (
				A086560A27DF0EAE00D46CDB /* TransactionChart.app */,
			);
			name = Products;
			sourceTree = "<group>";
		};
		A086560C27DF0EAE00D46CDB /* TransactionChart */ = {
			isa = PBXGroup;
			children = (
				A086562D27DF3A5900D46CDB /* sample.json */,
				A086562227DF18DB00D46CDB /* Extensions */,
				A086561D27DF113700D46CDB /* Views */,
				A086561C27DF0EC400D46CDB /* ViewModel */,
				A086561B27DF0EBE00D46CDB /* Model */,
				A086560D27DF0EAE00D46CDB /* TransactionChartApp.swift */,
				A086560F27DF0EAE00D46CDB /* ContentView.swift */,
				A086561127DF0EB100D46CDB /* Assets.xcassets */,
				A086561327DF0EB100D46CDB /* Preview Content */,
			);
			path = TransactionChart;
			sourceTree = "<group>";
		};
		A086561327DF0EB100D46CDB /* Preview Content */ = {
			isa = PBXGroup;
			children = (
				A086561427DF0EB100D46CDB /* Preview Assets.xcassets */,
			);
			path = "Preview Content";
			sourceTree = "<group>";
		};
		A086561B27DF0EBE00D46CDB /* Model */ = {
			isa = PBXGroup;
			children = (
				A086562B27DF33CB00D46CDB /* Transaction.swift */,
			);
			path = Model;
			sourceTree = "<group>";
		};
		A086561C27DF0EC400D46CDB /* ViewModel */ = {
			isa = PBXGroup;
			children = (
				A086562027DF169B00D46CDB /* ChartViewModel.swift */,
			);
			path = ViewModel;
			sourceTree = "<group>";
		};
		A086561D27DF113700D46CDB /* Views */ = {
			isa = PBXGroup;
			children = (
				A086561E27DF115300D46CDB /* ChartView.swift */,
				A086562527DF193B00D46CDB /* PathGradient.swift */,
				A086562727DF199100D46CDB /* CircleIndicator.swift */,
				A086562927DF1DEF00D46CDB /* AccountsView.swift */,
				A086563327DF44FB00D46CDB /* TransactionRow.swift */,
			);
			path = Views;
			sourceTree = "<group>";
		};
		A086562227DF18DB00D46CDB /* Extensions */ = {
			isa = PBXGroup;
			children = (
				A086562327DF18EF00D46CDB /* Path+Extension.swift */,
				A086562F27DF3A7200D46CDB /* Bundle+Extension.swift */,
			);
			path = Extensions;
			sourceTree = "<group>";
		};
/* End PBXGroup section */

/* Begin PBXNativeTarget section */
		A086560927DF0EAE00D46CDB /* TransactionChart */ = {
			isa = PBXNativeTarget;
			buildConfigurationList = A086561827DF0EB100D46CDB /* Build configuration list for PBXNativeTarget "TransactionChart" */;
			buildPhases = (
				A086560627DF0EAE00D46CDB /* Sources */,
				A086560727DF0EAE00D46CDB /* Frameworks */,
				A086560827DF0EAE00D46CDB /* Resources */,
			);
			buildRules = (
			);
			dependencies = (
			);
			name = TransactionChart;
			productName = TransactionChart;
			productReference = A086560A27DF0EAE00D46CDB /* TransactionChart.app */;
			productType = "com.apple.product-type.application";
		};
/* End PBXNativeTarget section */

/* Begin PBXProject section */
		A086560227DF0EAE00D46CDB /* Project object */ = {
			isa = PBXProject;
			attributes = {
				BuildIndependentTargetsInParallel = 1;
				LastSwiftUpdateCheck = 1320;
				LastUpgradeCheck = 1320;
				TargetAttributes = {
					A086560927DF0EAE00D46CDB = {
						CreatedOnToolsVersion = 13.2.1;
					};
				};
			};
			buildConfigurationList = A086560527DF0EAE00D46CDB /* Build configuration list for PBXProject "TransactionChart" */;
			compatibilityVersion = "Xcode 13.0";
			developmentRegion = en;
			hasScannedForEncodings = 0;
			knownRegions = (
				en,
				Base,
			);
			mainGroup = A086560127DF0EAE00D46CDB;
			productRefGroup = A086560B27DF0EAE00D46CDB /* Products */;
			projectDirPath = "";
			projectRoot = "";
			targets = (
				A086560927DF0EAE00D46CDB /* TransactionChart */,
			);
		};
/* End PBXProject section */

/* Begin PBXResourcesBuildPhase section */
		A086560827DF0EAE00D46CDB /* Resources */ = {
			isa = PBXResourcesBuildPhase;
			buildActionMask = 2147483647;
			files = (
				A086561527DF0EB100D46CDB /* Preview Assets.xcassets in Resources */,
				A086561227DF0EB100D46CDB /* Assets.xcassets in Resources */,
				A086562E27DF3A5A00D46CDB /* sample.json in Resources */,
			);
			runOnlyForDeploymentPostprocessing = 0;
		};
/* End PBXResourcesBuildPhase section */

/* Begin PBXSourcesBuildPhase section */
		A086560627DF0EAE00D46CDB /* Sources */ = {
			isa = PBXSourcesBuildPhase;
			buildActionMask = 2147483647;
			files = (
				A086562A27DF1DEF00D46CDB /* AccountsView.swift in Sources */,
				A086563027DF3A7200D46CDB /* Bundle+Extension.swift in Sources */,
				A086562427DF18EF00D46CDB /* Path+Extension.swift in Sources */,
				A086561027DF0EAE00D46CDB /* ContentView.swift in Sources */,
				A086562827DF199100D46CDB /* CircleIndicator.swift in Sources */,
				A086562627DF193B00D46CDB /* PathGradient.swift in Sources */,
				A086562127DF169B00D46CDB /* ChartViewModel.swift in Sources */,
				A086560E27DF0EAE00D46CDB /* TransactionChartApp.swift in Sources */,
				A086563427DF44FB00D46CDB /* TransactionRow.swift in Sources */,
				A086561F27DF115300D46CDB /* ChartView.swift in Sources */,
				A086562C27DF33CB00D46CDB /* Transaction.swift in Sources */,
			);
			runOnlyForDeploymentPostprocessing = 0;
		};
/* End PBXSourcesBuildPhase section */

/* Begin XCBuildConfiguration section */
		A086561627DF0EB100D46CDB /* Debug */ = {
			isa = XCBuildConfiguration;
			buildSettings = {
				ALWAYS_SEARCH_USER_PATHS = NO;
				CLANG_ANALYZER_NONNULL = YES;
				CLANG_ANALYZER_NUMBER_OBJECT_CONVERSION = YES_AGGRESSIVE;
				CLANG_CXX_LANGUAGE_STANDARD = "gnu++17";
				CLANG_CXX_LIBRARY = "libc++";
				CLANG_ENABLE_MODULES = YES;
				CLANG_ENABLE_OBJC_ARC = YES;
				CLANG_ENABLE_OBJC_WEAK = YES;
				CLANG_WARN_BLOCK_CAPTURE_AUTORELEASING = YES;
				CLANG_WARN_BOOL_CONVERSION = YES;
				CLANG_WARN_COMMA = YES;
				CLANG_WARN_CONSTANT_CONVERSION = YES;
				CLANG_WARN_DEPRECATED_OBJC_IMPLEMENTATIONS = YES;
				CLANG_WARN_DIRECT_OBJC_ISA_USAGE = YES_ERROR;
				CLANG_WARN_DOCUMENTATION_COMMENTS = YES;
				CLANG_WARN_EMPTY_BODY = YES;
				CLANG_WARN_ENUM_CONVERSION = YES;
				CLANG_WARN_INFINITE_RECURSION = YES;
				CLANG_WARN_INT_CONVERSION = YES;
				CLANG_WARN_NON_LITERAL_NULL_CONVERSION = YES;
				CLANG_WARN_OBJC_IMPLICIT_RETAIN_SELF = YES;
				CLANG_WARN_OBJC_LITERAL_CONVERSION = YES;
				CLANG_WARN_OBJC_ROOT_CLASS = YES_ERROR;
				CLANG_WARN_QUOTED_INCLUDE_IN_FRAMEWORK_HEADER = YES;
				CLANG_WARN_RANGE_LOOP_ANALYSIS = YES;
				CLANG_WARN_STRICT_PROTOTYPES = YES;
				CLANG_WARN_SUSPICIOUS_MOVE = YES;
				CLANG_WARN_UNGUARDED_AVAILABILITY = YES_AGGRESSIVE;
				CLANG_WARN_UNREACHABLE_CODE = YES;
				CLANG_WARN__DUPLICATE_METHOD_MATCH = YES;
				COPY_PHASE_STRIP = NO;
				DEBUG_INFORMATION_FORMAT = dwarf;
				ENABLE_STRICT_OBJC_MSGSEND = YES;
				ENABLE_TESTABILITY = YES;
				GCC_C_LANGUAGE_STANDARD = gnu11;
				GCC_DYNAMIC_NO_PIC = NO;
				GCC_NO_COMMON_BLOCKS = YES;
				GCC_OPTIMIZATION_LEVEL = 0;
				GCC_PREPROCESSOR_DEFINITIONS = (
					"DEBUG=1",
					"$(inherited)",
				);
				GCC_WARN_64_TO_32_BIT_CONVERSION = YES;
				GCC_WARN_ABOUT_RETURN_TYPE = YES_ERROR;
				GCC_WARN_UNDECLARED_SELECTOR = YES;
				GCC_WARN_UNINITIALIZED_AUTOS = YES_AGGRESSIVE;
				GCC_WARN_UNUSED_FUNCTION = YES;
				GCC_WARN_UNUSED_VARIABLE = YES;
				IPHONEOS_DEPLOYMENT_TARGET = 15.2;
				MTL_ENABLE_DEBUG_INFO = INCLUDE_SOURCE;
				MTL_FAST_MATH = YES;
				ONLY_ACTIVE_ARCH = YES;
				SDKROOT = iphoneos;
				SWIFT_ACTIVE_COMPILATION_CONDITIONS = DEBUG;
				SWIFT_OPTIMIZATION_LEVEL = "-Onone";
			};
			name = Debug;
		};
		A086561727DF0EB100D46CDB /* Release */ = {
			isa = XCBuildConfiguration;
			buildSettings = {
				ALWAYS_SEARCH_USER_PATHS = NO;
				CLANG_ANALYZER_NONNULL = YES;
				CLANG_ANALYZER_NUMBER_OBJECT_CONVERSION = YES_AGGRESSIVE;
				CLANG_CXX_LANGUAGE_STANDARD = "gnu++17";
				CLANG_CXX_LIBRARY = "libc++";
				CLANG_ENABLE_MODULES = YES;
				CLANG_ENABLE_OBJC_ARC = YES;
				CLANG_ENABLE_OBJC_WEAK = YES;
				CLANG_WARN_BLOCK_CAPTURE_AUTORELEASING = YES;
				CLANG_WARN_BOOL_CONVERSION = YES;
				CLANG_WARN_COMMA = YES;
				CLANG_WARN_CONSTANT_CONVERSION = YES;
				CLANG_WARN_DEPRECATED_OBJC_IMPLEMENTATIONS = YES;
				CLANG_WARN_DIRECT_OBJC_ISA_USAGE = YES_ERROR;
				CLANG_WARN_DOCUMENTATION_COMMENTS = YES;
				CLANG_WARN_EMPTY_BODY = YES;
				CLANG_WARN_ENUM_CONVERSION = YES;
				CLANG_WARN_INFINITE_RECURSION = YES;
				CLANG_WARN_INT_CONVERSION = YES;
				CLANG_WARN_NON_LITERAL_NULL_CONVERSION = YES;
				CLANG_WARN_OBJC_IMPLICIT_RETAIN_SELF = YES;
				CLANG_WARN_OBJC_LITERAL_CONVERSION = YES;
				CLANG_WARN_OBJC_ROOT_CLASS = YES_ERROR;
				CLANG_WARN_QUOTED_INCLUDE_IN_FRAMEWORK_HEADER = YES;
				CLANG_WARN_RANGE_LOOP_ANALYSIS = YES;
				CLANG_WARN_STRICT_PROTOTYPES = YES;
				CLANG_WARN_SUSPICIOUS_MOVE = YES;
				CLANG_WARN_UNGUARDED_AVAILABILITY = YES_AGGRESSIVE;
				CLANG_WARN_UNREACHABLE_CODE = YES;
				CLANG_WARN__DUPLICATE_METHOD_MATCH = YES;
				COPY_PHASE_STRIP = NO;
				DEBUG_INFORMATION_FORMAT = "dwarf-with-dsym";
				ENABLE_NS_ASSERTIONS = NO;
				ENABLE_STRICT_OBJC_MSGSEND = YES;
				GCC_C_LANGUAGE_STANDARD = gnu11;
				GCC_NO_COMMON_BLOCKS = YES;
				GCC_WARN_64_TO_32_BIT_CONVERSION = YES;
				GCC_WARN_ABOUT_RETURN_TYPE = YES_ERROR;
				GCC_WARN_UNDECLARED_SELECTOR = YES;
				GCC_WARN_UNINITIALIZED_AUTOS = YES_AGGRESSIVE;
				GCC_WARN_UNUSED_FUNCTION = YES;
				GCC_WARN_UNUSED_VARIABLE = YES;
				IPHONEOS_DEPLOYMENT_TARGET = 15.2;
				MTL_ENABLE_DEBUG_INFO = NO;
				MTL_FAST_MATH = YES;
				SDKROOT = iphoneos;
				SWIFT_COMPILATION_MODE = wholemodule;
				SWIFT_OPTIMIZATION_LEVEL = "-O";
				VALIDATE_PRODUCT = YES;
			};
			name = Release;
		};
		A086561927DF0EB100D46CDB /* Debug */ = {
			isa = XCBuildConfiguration;
			buildSettings = {
				ASSETCATALOG_COMPILER_APPICON_NAME = AppIcon;
				ASSETCATALOG_COMPILER_GLOBAL_ACCENT_COLOR_NAME = AccentColor;
				CODE_SIGN_STYLE = Automatic;
				CURRENT_PROJECT_VERSION = 1;
				DEVELOPMENT_ASSET_PATHS = "\"TransactionChart/Preview Content\"";
				DEVELOPMENT_TEAM = 2EYKMSN9F8;
				ENABLE_PREVIEWS = YES;
				GENERATE_INFOPLIST_FILE = YES;
				INFOPLIST_KEY_UIApplicationSceneManifest_Generation = YES;
				INFOPLIST_KEY_UIApplicationSupportsIndirectInputEvents = YES;
				INFOPLIST_KEY_UILaunchScreen_Generation = YES;
				INFOPLIST_KEY_UISupportedInterfaceOrientations_iPad = "UIInterfaceOrientationPortrait UIInterfaceOrientationPortraitUpsideDown UIInterfaceOrientationLandscapeLeft UIInterfaceOrientationLandscapeRight";
				INFOPLIST_KEY_UISupportedInterfaceOrientations_iPhone = "UIInterfaceOrientationPortrait UIInterfaceOrientationLandscapeLeft UIInterfaceOrientationLandscapeRight";
				LD_RUNPATH_SEARCH_PATHS = (
					"$(inherited)",
					"@executable_path/Frameworks",
				);
				MARKETING_VERSION = 1.0;
				PRODUCT_BUNDLE_IDENTIFIER = com.yemigabriel.TransactionChart;
				PRODUCT_NAME = "$(TARGET_NAME)";
				SWIFT_EMIT_LOC_STRINGS = YES;
				SWIFT_VERSION = 5.0;
				TARGETED_DEVICE_FAMILY = "1,2";
			};
			name = Debug;
		};
		A086561A27DF0EB100D46CDB /* Release */ = {
			isa = XCBuildConfiguration;
			buildSettings = {
				ASSETCATALOG_COMPILER_APPICON_NAME = AppIcon;
				ASSETCATALOG_COMPILER_GLOBAL_ACCENT_COLOR_NAME = AccentColor;
				CODE_SIGN_STYLE = Automatic;
				CURRENT_PROJECT_VERSION = 1;
				DEVELOPMENT_ASSET_PATHS = "\"TransactionChart/Preview Content\"";
				DEVELOPMENT_TEAM = 2EYKMSN9F8;
				ENABLE_PREVIEWS = YES;
				GENERATE_INFOPLIST_FILE = YES;
				INFOPLIST_KEY_UIApplicationSceneManifest_Generation = YES;
				INFOPLIST_KEY_UIApplicationSupportsIndirectInputEvents = YES;
				INFOPLIST_KEY_UILaunchScreen_Generation = YES;
				INFOPLIST_KEY_UISupportedInterfaceOrientations_iPad = "UIInterfaceOrientationPortrait UIInterfaceOrientationPortraitUpsideDown UIInterfaceOrientationLandscapeLeft UIInterfaceOrientationLandscapeRight";
				INFOPLIST_KEY_UISupportedInterfaceOrientations_iPhone = "UIInterfaceOrientationPortrait UIInterfaceOrientationLandscapeLeft UIInterfaceOrientationLandscapeRight";
				LD_RUNPATH_SEARCH_PATHS = (
					"$(inherited)",
					"@executable_path/Frameworks",
				);
				MARKETING_VERSION = 1.0;
				PRODUCT_BUNDLE_IDENTIFIER = com.yemigabriel.TransactionChart;
				PRODUCT_NAME = "$(TARGET_NAME)";
				SWIFT_EMIT_LOC_STRINGS = YES;
				SWIFT_VERSION = 5.0;
				TARGETED_DEVICE_FAMILY = "1,2";
			};
			name = Release;
		};
/* End XCBuildConfiguration section */

/* Begin XCConfigurationList section */
		A086560527DF0EAE00D46CDB /* Build configuration list for PBXProject "TransactionChart" */ = {
			isa = XCConfigurationList;
			buildConfigurations = (
				A086561627DF0EB100D46CDB /* Debug */,
				A086561727DF0EB100D46CDB /* Release */,
			);
			defaultConfigurationIsVisible = 0;
			defaultConfigurationName = Release;
		};
		A086561827DF0EB100D46CDB /* Build configuration list for PBXNativeTarget "TransactionChart" */ = {
			isa = XCConfigurationList;
			buildConfigurations = (
				A086561927DF0EB100D46CDB /* Debug */,
				A086561A27DF0EB100D46CDB /* Release */,
			);
			defaultConfigurationIsVisible = 0;
			defaultConfigurationName = Release;
		};
/* End XCConfigurationList section */
	};
	rootObject = A086560227DF0EAE00D46CDB /* Project object */;
}
